
Microsoft Visual Studio Solution File, Format Version 12.00
# Visual Studio Version 16
VisualStudioVersion = 16.0.31129.286
MinimumVisualStudioVersion = 10.0.40219.1
Project("{FAE04EC0-301F-11D3-BF4B-00C04F79EFBC}") = "DDT1721050486", "DDT1721050486\DDT1721050486.csproj", "{33D63A65-8B22-49C9-8BBE-AD2BCEFC47F2}"
EndProject
Global
	GlobalSection(SolutionConfigurationPlatforms) = preSolution
		Debug|Any CPU = Debug|Any CPU
		Release|Any CPU = Release|Any CPU
	EndGlobalSection
	GlobalSection(ProjectConfigurationPlatforms) = postSolution
		{33D63A65-8B22-49C9-8BBE-AD2BCEFC47F2}.Debug|Any CPU.ActiveCfg = Debug|Any CPU
		{33D63A65-8B22-49C9-8BBE-AD2BCEFC47F2}.Debug|Any CPU.Build.0 = Debug|Any CPU
		{33D63A65-8B22-49C9-8BBE-AD2BCEFC47F2}.Release|Any CPU.ActiveCfg = Release|Any CPU
		{33D63A65-8B22-49C9-8BBE-AD2BCEFC47F2}.Release|Any CPU.Build.0 = Release|Any CPU
	EndGlobalSection
	GlobalSection(SolutionProperties) = preSolution
		HideSolutionNode = FALSE
	EndGlobalSection
	GlobalSection(ExtensibilityGlobals) = postSolution
		SolutionGuid = {2B50C82C-A8CB-43D9-8DCF-E1AA896995A5}
	EndGlobalSection
EndGlobal
